<?xml version="1.0" encoding="utf-8"?>
<Project ToolsVersion="4.0" xmlns="http://schemas.microsoft.com/developer/msbuild/2003">
  <ItemGroup>
    <Filter Include="ソース ファイル">
      <UniqueIdentifier>{4FC737F1-C7A5-4376-A066-2A32D752A2FF}</UniqueIdentifier>
      <Extensions>cpp;c;cc;cxx;c++;cppm;ixx;def;odl;idl;hpj;bat;asm;asmx</Extensions>
    </Filter>
    <Filter Include="ヘッダー ファイル">
      <UniqueIdentifier>{93995380-89BD-4b04-88EB-625FBE52EBFB}</UniqueIdentifier>
      <Extensions>h;hh;hpp;hxx;h++;hm;inl;inc;ipp;xsd</Extensions>
    </Filter>
    <Filter Include="リソース ファイル">
      <UniqueIdentifier>{67DA6AB6-F800-4c08-8B7A-83BB121AAD01}</UniqueIdentifier>
      <Extensions>rc;ico;cur;bmp;dlg;rc2;rct;bin;rgs;gif;jpg;jpeg;jpe;resx;tiff;tif;png;wav;mfcribbon-ms</Extensions>
    </Filter>
    <Filter Include="Engine">
      <UniqueIdentifier>{a6c28e9f-6d8d-42ec-907b-a112c3cf9d51}</UniqueIdentifier>
    </Filter>
    <Filter Include="Engine\2D">
      <UniqueIdentifier>{9da9612f-9dff-40f9-b800-a578765d1688}</UniqueIdentifier>
    </Filter>
    <Filter Include="Engine\3D">
      <UniqueIdentifier>{e7730537-d31b-408d-9aa5-ebf131d54f9d}</UniqueIdentifier>
    </Filter>
    <Filter Include="Engine\Audio">
      <UniqueIdentifier>{a862bee7-390e-43ab-a1d1-dcfda0a115a4}</UniqueIdentifier>
    </Filter>
    <Filter Include="Engine\Base">
      <UniqueIdentifier>{54c51a6a-0bf9-4e7d-bbe2-ee1301fc3c45}</UniqueIdentifier>
    </Filter>
    <Filter Include="Engine\Camera">
      <UniqueIdentifier>{9a35c47e-6f93-495c-a44e-4dad89e6c889}</UniqueIdentifier>
    </Filter>
    <Filter Include="Engine\Collider">
      <UniqueIdentifier>{73d2e424-5f8d-41a8-8e43-3dfdc233363e}</UniqueIdentifier>
    </Filter>
    <Filter Include="Engine\Collision">
      <UniqueIdentifier>{4a99d785-5cce-485f-bd4c-76910d719616}</UniqueIdentifier>
    </Filter>
    <Filter Include="Engine\Framework">
      <UniqueIdentifier>{c04966b5-cd5c-4191-b667-20437b368087}</UniqueIdentifier>
    </Filter>
    <Filter Include="Engine\GlobalVariabls">
      <UniqueIdentifier>{7e29d13c-2cf0-4acd-9be8-a3361ab37c37}</UniqueIdentifier>
    </Filter>
    <Filter Include="Engine\Input">
      <UniqueIdentifier>{11612016-ed7d-4aff-b8df-402d86c7f155}</UniqueIdentifier>
    </Filter>
    <Filter Include="Engine\Math">
      <UniqueIdentifier>{a0c0bc3f-c025-4c9b-a245-ac253e25e0f3}</UniqueIdentifier>
    </Filter>
    <Filter Include="Engine\Particle">
      <UniqueIdentifier>{9ba27f3f-6c32-4aee-9c70-ed35ff1c09fb}</UniqueIdentifier>
    </Filter>
    <Filter Include="Engine\Scene">
      <UniqueIdentifier>{16def694-51ab-40ae-a0ff-b532ff9a080c}</UniqueIdentifier>
    </Filter>
    <Filter Include="Engine\SceneTransition">
      <UniqueIdentifier>{c77ce6b1-ad48-464c-aff4-98414cdb5866}</UniqueIdentifier>
    </Filter>
    <Filter Include="externals">
      <UniqueIdentifier>{ee350eb1-2422-4fed-878d-666b9701a2b9}</UniqueIdentifier>
    </Filter>
    <Filter Include="externals\imgui">
      <UniqueIdentifier>{4c4620f5-67f8-48e2-9e24-c1998bbb61d9}</UniqueIdentifier>
    </Filter>
    <Filter Include="shaders">
      <UniqueIdentifier>{f396d004-2ac9-4df9-989d-74d1860bd5d0}</UniqueIdentifier>
    </Filter>
    <Filter Include="Application">
      <UniqueIdentifier>{9c627bdc-6eab-4551-adce-18be8337f0d1}</UniqueIdentifier>
    </Filter>
    <Filter Include="Application\BaseCharacter">
      <UniqueIdentifier>{b8638190-f575-429b-9585-7fcd07f6a39c}</UniqueIdentifier>
    </Filter>
    <Filter Include="Application\Skydome">
      <UniqueIdentifier>{5e2ab7d8-fdc5-492f-bc01-9c18dd7e23a6}</UniqueIdentifier>
    </Filter>
    <Filter Include="Application\Particle">
      <UniqueIdentifier>{2d4d8d71-6bfc-42c4-bf7e-2a8597a09e58}</UniqueIdentifier>
    </Filter>
    <Filter Include="Application\Pause">
      <UniqueIdentifier>{787a8707-fe48-44c7-889c-fdb0de7a141e}</UniqueIdentifier>
    </Filter>
    <Filter Include="Application\Scene">
      <UniqueIdentifier>{dafad515-fad3-46a5-9c01-09a32950a793}</UniqueIdentifier>
    </Filter>
    <Filter Include="Application\SceneTransition">
      <UniqueIdentifier>{6a275db4-3602-45c1-a06e-3c7b1ace8b0e}</UniqueIdentifier>
    </Filter>
    <Filter Include="Engine\Line">
      <UniqueIdentifier>{6558aabd-3cbd-4ea1-bcdb-5f63ade457ba}</UniqueIdentifier>
    </Filter>
    <Filter Include="Engine\Animation">
      <UniqueIdentifier>{43280e91-b268-4c81-aac7-d52c62b831b0}</UniqueIdentifier>
    </Filter>
    <Filter Include="Application\SampleBone">
      <UniqueIdentifier>{725bd115-0d5f-49d4-b607-cf4602735a78}</UniqueIdentifier>
    </Filter>
    <Filter Include="Application\Collider">
      <UniqueIdentifier>{6e8db13d-e007-4744-a040-88bc34cd30d8}</UniqueIdentifier>
    </Filter>
    <Filter Include="Application\Audio">
      <UniqueIdentifier>{d427ee17-8f5a-4077-9b9a-194749a45066}</UniqueIdentifier>
    </Filter>
    <Filter Include="Application\BlockManager">
      <UniqueIdentifier>{da78cccb-3306-4dbd-819a-e39a1887db49}</UniqueIdentifier>
    </Filter>
    <Filter Include="Application\BlockManager\IBlockManagerState">
      <UniqueIdentifier>{3987f064-d821-4216-a104-200eb8416aed}</UniqueIdentifier>
    </Filter>
    <Filter Include="Application\Block">
      <UniqueIdentifier>{bb8dfdb4-541a-49c9-80e7-1475d25bb9fa}</UniqueIdentifier>
    </Filter>
    <Filter Include="Application\FollowCamera">
      <UniqueIdentifier>{3ad98989-b0b2-461b-bd74-7fda84f7692f}</UniqueIdentifier>
    </Filter>
    <Filter Include="Application\UI">
      <UniqueIdentifier>{0b3658e1-3d24-45eb-85b9-841a9f303cf5}</UniqueIdentifier>
    </Filter>
    <Filter Include="Application\Player">
      <UniqueIdentifier>{7068ee74-4fcf-4ad4-a5f2-478215c3afc7}</UniqueIdentifier>
    </Filter>
    <Filter Include="Application\Magnet">
      <UniqueIdentifier>{cb3c8149-7203-4f73-86d5-bb68f2195e7e}</UniqueIdentifier>
    </Filter>
    <Filter Include="Application\Screw">
      <UniqueIdentifier>{bf40b5de-2d51-456f-800a-29a038828d36}</UniqueIdentifier>
    </Filter>
    <Filter Include="Application\Target">
      <UniqueIdentifier>{c00dc553-3111-4c19-bb85-a4548881e799}</UniqueIdentifier>
    </Filter>
    <Filter Include="Application\Scene\Planet">
      <UniqueIdentifier>{ec2a6f29-ee69-4419-a155-36e8f6b72a06}</UniqueIdentifier>
    </Filter>
  </ItemGroup>
  <ItemGroup>
    <ClCompile Include="externals\imgui\imgui.cpp">
      <Filter>externals\imgui</Filter>
    </ClCompile>
    <ClCompile Include="externals\imgui\imgui_demo.cpp">
      <Filter>externals\imgui</Filter>
    </ClCompile>
    <ClCompile Include="externals\imgui\imgui_draw.cpp">
      <Filter>externals\imgui</Filter>
    </ClCompile>
    <ClCompile Include="externals\imgui\imgui_impl_dx12.cpp">
      <Filter>externals\imgui</Filter>
    </ClCompile>
    <ClCompile Include="externals\imgui\imgui_impl_win32.cpp">
      <Filter>externals\imgui</Filter>
    </ClCompile>
    <ClCompile Include="externals\imgui\imgui_tables.cpp">
      <Filter>externals\imgui</Filter>
    </ClCompile>
    <ClCompile Include="externals\imgui\imgui_widgets.cpp">
      <Filter>externals\imgui</Filter>
    </ClCompile>
    <ClCompile Include="Engine\2D\ImGuiManager.cpp">
      <Filter>Engine\2D</Filter>
    </ClCompile>
    <ClCompile Include="Engine\2D\Sprite.cpp">
      <Filter>Engine\2D</Filter>
    </ClCompile>
    <ClCompile Include="Engine\3D\DirectionalLight.cpp">
      <Filter>Engine\3D</Filter>
    </ClCompile>
    <ClCompile Include="Engine\3D\Material.cpp">
      <Filter>Engine\3D</Filter>
    </ClCompile>
    <ClCompile Include="Engine\3D\Model.cpp">
      <Filter>Engine\3D</Filter>
    </ClCompile>
    <ClCompile Include="Engine\3D\WorldTransform.cpp">
      <Filter>Engine\3D</Filter>
    </ClCompile>
    <ClCompile Include="Engine\Audio\Audio.cpp">
      <Filter>Engine\Audio</Filter>
    </ClCompile>
    <ClCompile Include="Engine\base\BufferResource.cpp">
      <Filter>Engine\Base</Filter>
    </ClCompile>
    <ClCompile Include="Engine\base\DirectXCommon.cpp">
      <Filter>Engine\Base</Filter>
    </ClCompile>
    <ClCompile Include="Engine\base\GraphicsPipelineState.cpp">
      <Filter>Engine\Base</Filter>
    </ClCompile>
    <ClCompile Include="Engine\base\TextureManager.cpp">
      <Filter>Engine\Base</Filter>
    </ClCompile>
    <ClCompile Include="Engine\base\WinApp.cpp">
      <Filter>Engine\Base</Filter>
    </ClCompile>
    <ClCompile Include="Engine\Camera\DebugCamera.cpp">
      <Filter>Engine\Camera</Filter>
    </ClCompile>
    <ClCompile Include="Engine\Camera\BaseCamera.cpp">
      <Filter>Engine\Camera</Filter>
    </ClCompile>
    <ClCompile Include="Engine\Collider\Collider.cpp">
      <Filter>Engine\Collider</Filter>
    </ClCompile>
    <ClCompile Include="Engine\Collider\AABB\AABB.cpp">
      <Filter>Engine\Collider</Filter>
    </ClCompile>
    <ClCompile Include="Engine\Collider\ColliderDebugDraw\ColliderDebugDraw.cpp">
      <Filter>Engine\Collider</Filter>
    </ClCompile>
    <ClCompile Include="Engine\Collision\Collision.cpp">
      <Filter>Engine\Collision</Filter>
    </ClCompile>
    <ClCompile Include="Engine\Collision\CollisionManager.cpp">
      <Filter>Engine\Collision</Filter>
    </ClCompile>
    <ClCompile Include="Engine\Framework\MyFramework.cpp">
      <Filter>Engine\Framework</Filter>
    </ClCompile>
    <ClCompile Include="Engine\Framework\MyGame.cpp">
      <Filter>Engine\Framework</Filter>
    </ClCompile>
    <ClCompile Include="Engine\GlobalVariables\GlobalVariables.cpp">
      <Filter>Engine\GlobalVariabls</Filter>
    </ClCompile>
    <ClCompile Include="Engine\Input\Input.cpp">
      <Filter>Engine\Input</Filter>
    </ClCompile>
    <ClCompile Include="Engine\Math\Vector3.cpp">
      <Filter>Engine\Math</Filter>
    </ClCompile>
    <ClCompile Include="Engine\Math\Matrix4x4.cpp">
      <Filter>Engine\Math</Filter>
    </ClCompile>
    <ClCompile Include="Engine\Math\Ease.cpp">
      <Filter>Engine\Math</Filter>
    </ClCompile>
    <ClCompile Include="Engine\Math\Math.cpp">
      <Filter>Engine\Math</Filter>
    </ClCompile>
    <ClCompile Include="Engine\Collider\OBB\OBB.cpp">
      <Filter>Engine\Collider</Filter>
    </ClCompile>
    <ClCompile Include="Engine\Collider\Plane\Plane.cpp">
      <Filter>Engine\Collider</Filter>
    </ClCompile>
    <ClCompile Include="Engine\Collider\Sphere\Sphere.cpp">
      <Filter>Engine\Collider</Filter>
    </ClCompile>
    <ClCompile Include="Engine\Collider\Triangle\Triangle.cpp">
      <Filter>Engine\Collider</Filter>
    </ClCompile>
    <ClCompile Include="Engine\Particle\IEmitter.cpp">
      <Filter>Engine\Particle</Filter>
    </ClCompile>
    <ClCompile Include="Engine\Particle\IParticle.cpp">
      <Filter>Engine\Particle</Filter>
    </ClCompile>
    <ClCompile Include="Engine\Particle\ParticleManager.cpp">
      <Filter>Engine\Particle</Filter>
    </ClCompile>
    <ClCompile Include="Engine\Scene\IScene\IScene.cpp">
      <Filter>Engine\Scene</Filter>
    </ClCompile>
    <ClCompile Include="Engine\Scene\SceneManager\SceneManager.cpp">
      <Filter>Engine\Scene</Filter>
    </ClCompile>
    <ClCompile Include="Engine\SceneTransition\ISceneTransition\ISceneTransition.cpp">
      <Filter>Engine\SceneTransition</Filter>
    </ClCompile>
    <ClCompile Include="Application\BaseCharacter\BaseCharacter.cpp">
      <Filter>Application\BaseCharacter</Filter>
    </ClCompile>
    <ClCompile Include="Application\Skydome\Skydome.cpp">
      <Filter>Application\Skydome</Filter>
    </ClCompile>
    <ClCompile Include="Application\Particle\MakeEmitter.cpp">
      <Filter>Application\Particle</Filter>
    </ClCompile>
    <ClCompile Include="Application\Particle\MakeParticle.cpp">
      <Filter>Application\Particle</Filter>
    </ClCompile>
    <ClCompile Include="Application\Pause\Pause.cpp">
      <Filter>Application\Pause</Filter>
    </ClCompile>
    <ClCompile Include="Application\Scene\ClearScene\ClearScene.cpp">
      <Filter>Application\Scene</Filter>
    </ClCompile>
    <ClCompile Include="Application\Scene\GameScene\GameScene.cpp">
      <Filter>Application\Scene</Filter>
    </ClCompile>
    <ClCompile Include="Application\Scene\SelectScene\SelectScene.cpp">
      <Filter>Application\Scene</Filter>
    </ClCompile>
    <ClCompile Include="Application\Scene\TitleScene\TitleScene.cpp">
      <Filter>Application\Scene</Filter>
    </ClCompile>
    <ClCompile Include="Application\Scene\SceneFactory\SceneFactory.cpp">
      <Filter>Application\Scene</Filter>
    </ClCompile>
    <ClCompile Include="Application\SceneTransition\SceneTransitionBlackOut\SceneTransitionBlackOut.cpp">
      <Filter>Application\SceneTransition</Filter>
    </ClCompile>
    <ClCompile Include="Application\SceneTransition\SceneTransitionFactory\SceneTransitionFactory.cpp">
      <Filter>Application\SceneTransition</Filter>
    </ClCompile>
    <ClCompile Include="main.cpp" />
    <ClCompile Include="Engine\Line\Segment.cpp">
      <Filter>Engine\Line</Filter>
    </ClCompile>
    <ClCompile Include="Engine\Collider\Capsule\Capsule.cpp">
      <Filter>Engine\Collider</Filter>
    </ClCompile>
    <ClCompile Include="Engine\Line\Line.cpp">
      <Filter>Engine\Line</Filter>
    </ClCompile>
    <ClCompile Include="Engine\Math\ShortestDistance.cpp">
      <Filter>Engine\Math</Filter>
    </ClCompile>
    <ClCompile Include="Engine\base\ITextureHandleManager.cpp">
      <Filter>Engine\Base</Filter>
    </ClCompile>
    <ClCompile Include="Engine\Animation\AnimationFile.cpp">
      <Filter>Engine\Animation</Filter>
    </ClCompile>
    <ClCompile Include="Engine\Animation\IBone.cpp">
      <Filter>Engine\Animation</Filter>
    </ClCompile>
    <ClCompile Include="Application\SampleBone\SampleBone.cpp">
      <Filter>Application\SampleBone</Filter>
    </ClCompile>
    <ClCompile Include="Engine\Audio\AudioManager.cpp">
      <Filter>Engine\Audio</Filter>
    </ClCompile>
    <ClCompile Include="Application\AudioManager\GameAudioManager.cpp">
      <Filter>Application\Audio</Filter>
    </ClCompile>
    <ClCompile Include="Engine\Audio\VoiceCallback.cpp">
      <Filter>ソース ファイル</Filter>
    </ClCompile>
    <ClCompile Include="Application\BlockManager\BlockManager.cpp">
      <Filter>Application\BlockManager</Filter>
    </ClCompile>
    <ClCompile Include="Application\BlockManager\BlockManagerState\IBlockManagerState.cpp">
      <Filter>Application\BlockManager\IBlockManagerState</Filter>
    </ClCompile>
    <ClCompile Include="Application\AudioManager\TitleAudioManager.cpp">
      <Filter>Application\Audio</Filter>
    </ClCompile>
    <ClCompile Include="Application\Block\Block.cpp">
      <Filter>Application\Block</Filter>
    </ClCompile>
    <ClCompile Include="Application\BlockManager\BlockManagerState\BlockManagerFactory.cpp">
      <Filter>Application\BlockManager</Filter>
    </ClCompile>
    <ClCompile Include="Application\BlockManager\BlockManagerState\BlockManagerStateInit\BlockManagerStateInit.cpp">
      <Filter>Application\BlockManager\IBlockManagerState</Filter>
    </ClCompile>
    <ClCompile Include="Application\Camera\FollowCamera\FollowCamera.cpp">
      <Filter>Application\FollowCamera</Filter>
    </ClCompile>
    <ClCompile Include="Application\UI\UI.cpp">
      <Filter>Application\UI</Filter>
    </ClCompile>
    <ClCompile Include="Application\UI\UIManager.cpp">
      <Filter>Application\UI</Filter>
    </ClCompile>
    <ClCompile Include="Application\UI\UINumber\UINumber.cpp">
      <Filter>Application\UI</Filter>
    </ClCompile>
    <ClCompile Include="Application\UI\UIScrew\UIScrew.cpp">
      <Filter>Application\UI</Filter>
    </ClCompile>
    <ClCompile Include="Application\UI\UISymbol\UISymbol.cpp">
      <Filter>Application\UI</Filter>
    </ClCompile>
    <ClCompile Include="Application\Player\player.cpp">
      <Filter>Application\Player</Filter>
    </ClCompile>
    <ClCompile Include="Application\Magnet\Magnet.cpp">
      <Filter>Application\Magnet</Filter>
    </ClCompile>
    <ClCompile Include="Application\Block\UFO.cpp">
      <Filter>ソース ファイル</Filter>
    </ClCompile>
    <ClCompile Include="Application\Block\UFOAttract.cpp">
      <Filter>ソース ファイル</Filter>
    </ClCompile>
    <ClCompile Include="Application\AudioManager\TitleAudioManager.cpp">
      <Filter>ソース ファイル</Filter>
    </ClCompile>
    <ClCompile Include="Application\Target\Target.cpp">
      <Filter>Application\Target</Filter>
    </ClCompile>
    <ClCompile Include="Application\Planet\Planet.cpp">
      <Filter>ソース ファイル</Filter>
    </ClCompile>
    <ClCompile Include="Application\UFO\UFOManager.cpp">
      <Filter>ソース ファイル</Filter>
    </ClCompile>
    <ClCompile Include="Application\Screw\Screw.cpp">
      <Filter>ソース ファイル</Filter>
    </ClCompile>
    <ClCompile Include="Application\BlockManager\BlockManagerState\BlockManagerStatePattern1\BlockManagerStatePattern1.cpp">
      <Filter>ソース ファイル</Filter>
    </ClCompile>
    <ClCompile Include="Application\BlockManager\BlockGenerationPattern\BlockGenerationPatternFile.cpp">
      <Filter>ソース ファイル</Filter>
    </ClCompile>
    <ClCompile Include="Engine\Math\Quaternion.cpp">
      <Filter>ソース ファイル</Filter>
    </ClCompile>
    <ClCompile Include="Application\Energy\Energy.cpp">
      <Filter>ソース ファイル</Filter>
    </ClCompile>
    <ClCompile Include="Application\Player\PlayerAnimation\PlayerAnimation.cpp">
      <Filter>ソース ファイル</Filter>
    </ClCompile>
    <ClCompile Include="Application\Particle\Gravity\GravityParticle.cpp">
      <Filter>ソース ファイル</Filter>
    </ClCompile>
    <ClCompile Include="Application\Particle\Gravity\GravityEmitter.cpp">
      <Filter>ソース ファイル</Filter>
    </ClCompile>
    <ClCompile Include="Application\SceneTransition\SceneTransitionPitaverse\SceneTransitionPitaverse.cpp">
      <Filter>ソース ファイル</Filter>
    </ClCompile>
    <ClCompile Include="Application\UI\UIFrame\UIFrame.cpp">
      <Filter>ソース ファイル</Filter>
    </ClCompile>
    <ClCompile Include="Application\UI\UIEnergyPlate\UIEnergyPlate.cpp">
      <Filter>ソース ファイル</Filter>
    </ClCompile>
    <ClCompile Include="Application\UI\UIEnergy\UIEnergy.cpp">
      <Filter>ソース ファイル</Filter>
    </ClCompile>
    <ClCompile Include="Application\TitleObj\TitleObj.cpp">
      <Filter>ソース ファイル</Filter>
    </ClCompile>
    <ClCompile Include="Engine\3D\OutLineData.cpp">
      <Filter>ソース ファイル</Filter>
    </ClCompile>
    <ClCompile Include="Application\Particle\Spark\SparkParticle.cpp">
      <Filter>ソース ファイル</Filter>
    </ClCompile>
    <ClCompile Include="Application\UI\UIMissionFrame\UIMissionFrame.cpp">
      <Filter>ソース ファイル</Filter>
    </ClCompile>
    <ClCompile Include="Application\UI\UIMissionText\UIMissionText.cpp">
      <Filter>ソース ファイル</Filter>
    </ClCompile>
    <ClCompile Include="Application\Particle\Spark\SparkEmitter.cpp">
      <Filter>ソース ファイル</Filter>
    </ClCompile>
    <ClCompile Include="Application\ShadowManager\ShadowManager.cpp">
      <Filter>ソース ファイル</Filter>
    </ClCompile>
    <ClCompile Include="Application\AudioManager\ClearAudioManager.cpp">
      <Filter>ソース ファイル</Filter>
    </ClCompile>
    <ClCompile Include="Application\ForResult\ForResult.cpp">
      <Filter>ソース ファイル</Filter>
    </ClCompile>
    <ClCompile Include="Application\UI\UIMissionClear\UIMissionClear.cpp">
      <Filter>ソース ファイル</Filter>
    </ClCompile>
    <ClCompile Include="Application\ClearMigration\ClearMigration.cpp">
      <Filter>ソース ファイル</Filter>
    </ClCompile>
    <ClCompile Include="Application\MissionData\MissionData.cpp">
      <Filter>ソース ファイル</Filter>
    </ClCompile>
    <ClCompile Include="Application\Particle\Liner\LinerEmitter.cpp">
      <Filter>ソース ファイル</Filter>
    </ClCompile>
    <ClCompile Include="Application\Particle\Liner\LinerParticle.cpp">
      <Filter>ソース ファイル</Filter>
    </ClCompile>
    <ClCompile Include="Application\Rocket\Rocket.cpp">
      <Filter>ソース ファイル</Filter>
    </ClCompile>
    <ClCompile Include="Application\Scene\TutorialScene\TutorialScene.cpp">
      <Filter>ソース ファイル</Filter>
    </ClCompile>
  </ItemGroup>
  <ItemGroup>
    <ClInclude Include="externals\imgui\imgui.h">
      <Filter>externals\imgui</Filter>
    </ClInclude>
    <ClInclude Include="externals\imgui\imgui_impl_dx12.h">
      <Filter>externals\imgui</Filter>
    </ClInclude>
    <ClInclude Include="externals\imgui\imgui_impl_win32.h">
      <Filter>externals\imgui</Filter>
    </ClInclude>
    <ClInclude Include="externals\imgui\imgui_internal.h">
      <Filter>externals\imgui</Filter>
    </ClInclude>
    <ClInclude Include="externals\imgui\imstb_rectpack.h">
      <Filter>externals\imgui</Filter>
    </ClInclude>
    <ClInclude Include="externals\imgui\imstb_textedit.h">
      <Filter>externals\imgui</Filter>
    </ClInclude>
    <ClInclude Include="externals\imgui\imstb_truetype.h">
      <Filter>externals\imgui</Filter>
    </ClInclude>
    <ClInclude Include="Engine\2D\Sprite.h">
      <Filter>Engine\2D</Filter>
    </ClInclude>
    <ClInclude Include="Engine\2D\ImGuiManager.h">
      <Filter>Engine\2D</Filter>
    </ClInclude>
    <ClInclude Include="Engine\3D\DirectionalLight.h">
      <Filter>Engine\3D</Filter>
    </ClInclude>
    <ClInclude Include="Engine\3D\DirectionalLightData.h">
      <Filter>Engine\3D</Filter>
    </ClInclude>
    <ClInclude Include="Engine\3D\Material.h">
      <Filter>Engine\3D</Filter>
    </ClInclude>
    <ClInclude Include="Engine\3D\MaterialData.h">
      <Filter>Engine\3D</Filter>
    </ClInclude>
    <ClInclude Include="Engine\3D\Model.h">
      <Filter>Engine\3D</Filter>
    </ClInclude>
    <ClInclude Include="Engine\3D\TransformationMatrix.h">
      <Filter>Engine\3D</Filter>
    </ClInclude>
    <ClInclude Include="Engine\3D\TransformStructure.h">
      <Filter>Engine\3D</Filter>
    </ClInclude>
    <ClInclude Include="Engine\3D\VertexData.h">
      <Filter>Engine\3D</Filter>
    </ClInclude>
    <ClInclude Include="Engine\3D\WorldTransform.h">
      <Filter>Engine\3D</Filter>
    </ClInclude>
    <ClInclude Include="Engine\Audio\Audio.h">
      <Filter>Engine\Audio</Filter>
    </ClInclude>
    <ClInclude Include="Engine\base\BufferResource.h">
      <Filter>Engine\Base</Filter>
    </ClInclude>
    <ClInclude Include="Engine\base\D3DResourceLeakChecker.h">
      <Filter>Engine\Base</Filter>
    </ClInclude>
    <ClInclude Include="Engine\base\DirectXCommon.h">
      <Filter>Engine\Base</Filter>
    </ClInclude>
    <ClInclude Include="Engine\base\GraphicsPipelineState.h">
      <Filter>Engine\Base</Filter>
    </ClInclude>
    <ClInclude Include="Engine\base\SafeDelete.h">
      <Filter>Engine\Base</Filter>
    </ClInclude>
    <ClInclude Include="Engine\base\WinApp.h">
      <Filter>Engine\Base</Filter>
    </ClInclude>
    <ClInclude Include="Engine\base\TextureManager.h">
      <Filter>Engine\Base</Filter>
    </ClInclude>
    <ClInclude Include="Engine\Camera\DebugCamera.h">
      <Filter>Engine\Camera</Filter>
    </ClInclude>
    <ClInclude Include="Engine\Camera\BaseCamera.h">
      <Filter>Engine\Camera</Filter>
    </ClInclude>
    <ClInclude Include="Engine\Collider\AABB\AABB.h">
      <Filter>Engine\Collider</Filter>
    </ClInclude>
    <ClInclude Include="Engine\Collider\ColliderDebugDraw\ColliderDebugDraw.h">
      <Filter>Engine\Collider</Filter>
    </ClInclude>
    <ClInclude Include="Engine\Collider\OBB\OBB.h">
      <Filter>Engine\Collider</Filter>
    </ClInclude>
    <ClInclude Include="Engine\Collider\Plane\Plane.h">
      <Filter>Engine\Collider</Filter>
    </ClInclude>
    <ClInclude Include="Engine\Collider\Sphere\Sphere.h">
      <Filter>Engine\Collider</Filter>
    </ClInclude>
    <ClInclude Include="Engine\Collider\Triangle\Triangle.h">
      <Filter>Engine\Collider</Filter>
    </ClInclude>
    <ClInclude Include="Engine\Collider\Collider.h">
      <Filter>Engine\Collider</Filter>
    </ClInclude>
    <ClInclude Include="Engine\Collision\CollisionManager.h">
      <Filter>Engine\Collision</Filter>
    </ClInclude>
    <ClInclude Include="Engine\Collision\Collision.h">
      <Filter>Engine\Collision</Filter>
    </ClInclude>
    <ClInclude Include="Engine\Framework\MyFramework.h">
      <Filter>Engine\Framework</Filter>
    </ClInclude>
    <ClInclude Include="Engine\Framework\MyGame.h">
      <Filter>Engine\Framework</Filter>
    </ClInclude>
    <ClInclude Include="Engine\GlobalVariables\GlobalVariables.h">
      <Filter>Engine\GlobalVariabls</Filter>
    </ClInclude>
    <ClInclude Include="Engine\Input\Input.h">
      <Filter>Engine\Input</Filter>
    </ClInclude>
    <ClInclude Include="Engine\Math\Vector4.h">
      <Filter>Engine\Math</Filter>
    </ClInclude>
    <ClInclude Include="Engine\Math\Matrix4x4.h">
      <Filter>Engine\Math</Filter>
    </ClInclude>
    <ClInclude Include="Engine\Math\Vector2.h">
      <Filter>Engine\Math</Filter>
    </ClInclude>
    <ClInclude Include="Engine\Math\Vector3.h">
      <Filter>Engine\Math</Filter>
    </ClInclude>
    <ClInclude Include="Engine\Math\DeltaTime.h">
      <Filter>Engine\Math</Filter>
    </ClInclude>
    <ClInclude Include="Engine\Math\Math.h">
      <Filter>Engine\Math</Filter>
    </ClInclude>
    <ClInclude Include="Engine\Math\Ease.h">
      <Filter>Engine\Math</Filter>
    </ClInclude>
    <ClInclude Include="Engine\Particle\IEmitter.h">
      <Filter>Engine\Particle</Filter>
    </ClInclude>
    <ClInclude Include="Engine\Particle\IParticle.h">
      <Filter>Engine\Particle</Filter>
    </ClInclude>
    <ClInclude Include="Engine\Particle\ParticleManager.h">
      <Filter>Engine\Particle</Filter>
    </ClInclude>
    <ClInclude Include="Engine\Particle\ParticleForGPU.h">
      <Filter>Engine\Particle</Filter>
    </ClInclude>
    <ClInclude Include="Engine\Scene\SceneManager\SceneManager.h">
      <Filter>Engine\Scene</Filter>
    </ClInclude>
    <ClInclude Include="Engine\Scene\SceneFactory\AbstractSceneFactory.h">
      <Filter>Engine\Scene</Filter>
    </ClInclude>
    <ClInclude Include="Engine\Scene\IScene\IScene.h">
      <Filter>Engine\Scene</Filter>
    </ClInclude>
    <ClInclude Include="Engine\SceneTransition\ISceneTransition\ISceneTransition.h">
      <Filter>Engine\SceneTransition</Filter>
    </ClInclude>
    <ClInclude Include="Engine\SceneTransition\SceneTransitionFactory\AbstractSceneTransitionFactory.h">
      <Filter>Engine\SceneTransition</Filter>
    </ClInclude>
    <ClInclude Include="Application\BaseCharacter\BaseCharacter.h">
      <Filter>Application\BaseCharacter</Filter>
    </ClInclude>
    <ClInclude Include="Application\Skydome\Skydome.h">
      <Filter>Application\Skydome</Filter>
    </ClInclude>
    <ClInclude Include="Application\Particle\EmitterName.h">
      <Filter>Application\Particle</Filter>
    </ClInclude>
    <ClInclude Include="Application\Particle\MakeParticle.h">
      <Filter>Application\Particle</Filter>
    </ClInclude>
    <ClInclude Include="Application\Particle\MakeEmitter.h">
      <Filter>Application\Particle</Filter>
    </ClInclude>
    <ClInclude Include="Application\Particle\ParticleName.h">
      <Filter>Application\Particle</Filter>
    </ClInclude>
    <ClInclude Include="Application\Particle\ParticleModelIndex.h">
      <Filter>Application\Particle</Filter>
    </ClInclude>
    <ClInclude Include="Application\Pause\Pause.h">
      <Filter>Application\Pause</Filter>
    </ClInclude>
    <ClInclude Include="Application\Scene\SceneName.h">
      <Filter>Application\Scene</Filter>
    </ClInclude>
    <ClInclude Include="Application\Scene\ClearScene\ClearScene.h">
      <Filter>Application\Scene</Filter>
    </ClInclude>
    <ClInclude Include="Application\Scene\GameScene\GameScene.h">
      <Filter>Application\Scene</Filter>
    </ClInclude>
    <ClInclude Include="Application\Scene\SceneFactory\SceneFactory.h">
      <Filter>Application\Scene</Filter>
    </ClInclude>
    <ClInclude Include="Application\Scene\SelectScene\SelectScene.h">
      <Filter>Application\Scene</Filter>
    </ClInclude>
    <ClInclude Include="Application\SceneTransition\SceneTransitionFactory\SceneTransitionFactory.h">
      <Filter>Application\SceneTransition</Filter>
    </ClInclude>
    <ClInclude Include="Application\SceneTransition\SceneTransitionBlackOut\SceneTransitionBlackOut.h">
      <Filter>Application\SceneTransition</Filter>
    </ClInclude>
    <ClInclude Include="Application\Scene\TitleScene\TitleScene.h">
      <Filter>Application\Scene</Filter>
    </ClInclude>
    <ClInclude Include="Engine\Line\Segment.h">
      <Filter>Engine\Line</Filter>
    </ClInclude>
    <ClInclude Include="Engine\Collider\Capsule\Capsule.h">
      <Filter>Engine\Collider</Filter>
    </ClInclude>
    <ClInclude Include="Engine\Line\Line.h">
      <Filter>Engine\Line</Filter>
    </ClInclude>
    <ClInclude Include="Engine\Math\ShortestDistance.h">
      <Filter>Engine\Math</Filter>
    </ClInclude>
    <ClInclude Include="Engine\Camera\CameraForGPU.h">
      <Filter>Engine\Camera</Filter>
    </ClInclude>
    <ClInclude Include="Engine\base\ITextureHandleManager.h">
      <Filter>Engine\Base</Filter>
    </ClInclude>
    <ClInclude Include="Engine\Animation\AnimationFile.h">
      <Filter>Engine\Animation</Filter>
    </ClInclude>
    <ClInclude Include="Engine\Animation\IBone.h">
      <Filter>Engine\Animation</Filter>
    </ClInclude>
    <ClInclude Include="Engine\Animation\BoneData.h">
      <Filter>Engine\Animation</Filter>
    </ClInclude>
    <ClInclude Include="Application\SampleBone\SampleBone.h">
      <Filter>Application\SampleBone</Filter>
    </ClInclude>
    <ClInclude Include="Application\Collider\ColliderParentObject.h">
      <Filter>Application\Collider</Filter>
    </ClInclude>
    <ClInclude Include="Engine\Audio\AudioManager.h">
      <Filter>Engine\Audio</Filter>
    </ClInclude>
    <ClInclude Include="Engine\Collider\ColliderShape.h">
      <Filter>Engine\Collider</Filter>
    </ClInclude>
    <ClInclude Include="Application\AudioManager\GameAudioManager.h">
      <Filter>Application\Audio</Filter>
    </ClInclude>
    <ClInclude Include="Engine\Audio\VoiceCallback.h">
      <Filter>ヘッダー ファイル</Filter>
    </ClInclude>
    <ClInclude Include="Application\BlockManager\BlockManager.h">
      <Filter>Application\BlockManager</Filter>
    </ClInclude>
    <ClInclude Include="Application\BlockManager\BlockManagerState\IBlockManagerState.h">
      <Filter>Application\BlockManager\IBlockManagerState</Filter>
    </ClInclude>
    <ClInclude Include="Application\AudioManager\TitleAudioManager.h">
      <Filter>Application\Audio</Filter>
    </ClInclude>
    <ClInclude Include="Application\BlockManager\BlockManagerState\BlockManagerFactory.h">
      <Filter>Application\BlockManager</Filter>
    </ClInclude>
    <ClInclude Include="Application\BlockManager\BlockManagerState\BlockManagerStateInit\BlockManagerStateInit.h">
      <Filter>Application\BlockManager\IBlockManagerState</Filter>
    </ClInclude>
    <ClInclude Include="Application\Block\Block.h">
      <Filter>Application\Block</Filter>
    </ClInclude>
    <ClInclude Include="Application\Camera\FollowCamera\FollowCamera.h">
      <Filter>Application\FollowCamera</Filter>
    </ClInclude>
    <ClInclude Include="Engine\Collision\CollisionData.h">
      <Filter>Engine\Collision</Filter>
    </ClInclude>
    <ClInclude Include="Application\UI\UISymbol\UISymbol.h">
      <Filter>Application\UI</Filter>
    </ClInclude>
    <ClInclude Include="Application\UI\UI.h">
      <Filter>Application\UI</Filter>
    </ClInclude>
    <ClInclude Include="Application\UI\UIManager.h">
      <Filter>Application\UI</Filter>
    </ClInclude>
    <ClInclude Include="Application\UI\UINumber\UINumber.h">
      <Filter>Application\UI</Filter>
    </ClInclude>
    <ClInclude Include="Application\UI\UIScrew\UIScrew.h">
      <Filter>Application\UI</Filter>
    </ClInclude>
    <ClInclude Include="Application\Player\player.h">
      <Filter>Application\Player</Filter>
    </ClInclude>
    <ClInclude Include="Application\Magnet\Magnet.h">
      <Filter>Application\Magnet</Filter>
    </ClInclude>
    <ClInclude Include="Application\Planet\Planet.h">
      <Filter>Application\Scene\Planet</Filter>
    </ClInclude>
    <ClInclude Include="Application\Block\UFO.h">
      <Filter>ヘッダー ファイル</Filter>
    </ClInclude>
    <ClInclude Include="Application\Block\UFOAttract.h">
      <Filter>ヘッダー ファイル</Filter>
    </ClInclude>
    <ClInclude Include="Application\AudioManager\TitleAudioManager.h">
      <Filter>ヘッダー ファイル</Filter>
    </ClInclude>
    <ClInclude Include="Application\Target\Target.h">
      <Filter>Application\Target</Filter>
    </ClInclude>
    <ClInclude Include="Application\Screw\Screw.h">
      <Filter>ヘッダー ファイル</Filter>
    </ClInclude>
    <ClInclude Include="Application\BlockManager\BlockManagerState\BlockManagerStatePattern1\BlockManagerStatePattern1.h">
      <Filter>ヘッダー ファイル</Filter>
    </ClInclude>
    <ClInclude Include="Application\BlockManager\BlockGenerationPattern\BlockGenerationPatternFile.h">
      <Filter>ヘッダー ファイル</Filter>
    </ClInclude>
    <ClInclude Include="Application\BlockManager\BlockGenerationPattern\BlockGenerationPatternData.h">
      <Filter>ヘッダー ファイル</Filter>
    </ClInclude>
    <ClInclude Include="Application\UFO\UFOManager.h">
      <Filter>ヘッダー ファイル</Filter>
    </ClInclude>
    <ClInclude Include="Engine\Math\Quaternion.h">
      <Filter>ヘッダー ファイル</Filter>
    </ClInclude>
    <ClInclude Include="Application\Energy\Energy.h">
      <Filter>ヘッダー ファイル</Filter>
    </ClInclude>
    <ClInclude Include="Application\Player\PlayerAnimation\PlayerAnimation.h">
      <Filter>ヘッダー ファイル</Filter>
    </ClInclude>
    <ClInclude Include="Application\Collider\CollisionConfig.h">
      <Filter>ヘッダー ファイル</Filter>
    </ClInclude>
    <ClInclude Include="Application\Particle\Gravity\GravityParticle.h">
      <Filter>ヘッダー ファイル</Filter>
    </ClInclude>
    <ClInclude Include="Engine\Math\RandomEngine.h">
      <Filter>ヘッダー ファイル</Filter>
    </ClInclude>
    <ClInclude Include="Application\Particle\Gravity\GravityEmitter.h">
      <Filter>ヘッダー ファイル</Filter>
    </ClInclude>
    <ClInclude Include="Application\SceneTransition\SceneTransitionPitaverse\SceneTransitionPitaverse.h">
      <Filter>ヘッダー ファイル</Filter>
    </ClInclude>
    <ClInclude Include="Application\UI\UIFrame\UIFrame.h">
      <Filter>ヘッダー ファイル</Filter>
    </ClInclude>
    <ClInclude Include="Application\UI\UIEnergyPlate\UIEnergyPlate.h">
      <Filter>ヘッダー ファイル</Filter>
    </ClInclude>
    <ClInclude Include="Application\UI\UIEnergy\UIEnergy.h">
      <Filter>ヘッダー ファイル</Filter>
    </ClInclude>
    <ClInclude Include="Application\TitleObj\TitleObj.h">
      <Filter>ヘッダー ファイル</Filter>
    </ClInclude>
    <ClInclude Include="Engine\3D\OutLineData.h">
      <Filter>ヘッダー ファイル</Filter>
    </ClInclude>
    <ClInclude Include="Application\Particle\Spark\SparkParticle.h">
      <Filter>ヘッダー ファイル</Filter>
    </ClInclude>
    <ClInclude Include="Application\UI\UIMissionFrame\UIMissionFrame.h">
      <Filter>ヘッダー ファイル</Filter>
    </ClInclude>
    <ClInclude Include="Application\UI\UIMissionText\UIMissionText.h">
      <Filter>ヘッダー ファイル</Filter>
    </ClInclude>
    <ClInclude Include="Application\MissionData\MissionData.h">
      <Filter>ヘッダー ファイル</Filter>
    </ClInclude>
    <ClInclude Include="Application\Particle\Spark\SparkEmitter.h">
      <Filter>ヘッダー ファイル</Filter>
    </ClInclude>
    <ClInclude Include="Application\Particle\Spark\SparkEmitter.h">
      <Filter>ヘッダー ファイル</Filter>
    </ClInclude>
    <ClInclude Include="Application\ShadowManager\ShadowManager.h">
      <Filter>ヘッダー ファイル</Filter>
    </ClInclude>
    <ClInclude Include="Application\AudioManager\ClearAudioManager.h">
      <Filter>ヘッダー ファイル</Filter>
    </ClInclude>
    <ClInclude Include="Application\ForResult\ForResult.h">
      <Filter>ヘッダー ファイル</Filter>
    </ClInclude>
    <ClInclude Include="Application\UI\UIMissionClear\UIMissionClear.h">
      <Filter>ヘッダー ファイル</Filter>
    </ClInclude>
    <ClInclude Include="Application\ClearMigration\ClearMigration.h">
      <Filter>ヘッダー ファイル</Filter>
    </ClInclude>
    <ClInclude Include="Application\Particle\Liner\LinerEmitter.h">
      <Filter>ヘッダー ファイル</Filter>
    </ClInclude>
    <ClInclude Include="Application\Particle\Liner\ForLinerEmitterData.h">
      <Filter>ヘッダー ファイル</Filter>
    </ClInclude>
    <ClInclude Include="Application\Particle\Liner\LinerParticle.h">
      <Filter>ヘッダー ファイル</Filter>
    </ClInclude>
    <ClInclude Include="Application\Rocket\Rocket.h">
      <Filter>ヘッダー ファイル</Filter>
    </ClInclude>
    <ClInclude Include="Application\Scene\TutorialScene\TutorialScene.h">
      <Filter>ヘッダー ファイル</Filter>
    </ClInclude>
  </ItemGroup>
  <ItemGroup>
    <Text Include="externals\imgui\LICENSE.txt">
      <Filter>externals\imgui</Filter>
    </Text>
  </ItemGroup>
  <ItemGroup>
    <None Include=".editorconfig" />
    <None Include="resources\shaders\Object3d.hlsli">
      <Filter>shaders</Filter>
    </None>
    <None Include="Resources\shaders\Particle.hlsli">
      <Filter>shaders</Filter>
    </None>
    <None Include="Resources\shaders\Sprite.hlsli">
      <Filter>shaders</Filter>
    </None>
  </ItemGroup>
  <ItemGroup>
    <FxCompile Include="Resources\shaders\Sprite.VS.hlsl">
      <Filter>shaders</Filter>
    </FxCompile>
    <FxCompile Include="resources\shaders\Object3d.PS.hlsl">
      <Filter>shaders</Filter>
    </FxCompile>
    <FxCompile Include="resources\shaders\Object3d.VS.hlsl">
      <Filter>shaders</Filter>
    </FxCompile>
    <FxCompile Include="Resources\shaders\Particle.PS.hlsl">
      <Filter>shaders</Filter>
    </FxCompile>
    <FxCompile Include="Resources\shaders\Particle.VS.hlsl">
      <Filter>shaders</Filter>
    </FxCompile>
    <FxCompile Include="Resources\shaders\Sprite.PS.hlsl">
      <Filter>shaders</Filter>
    </FxCompile>
    <FxCompile Include="Resources\shaders\OutLine3D.PS.hlsl" />
    <FxCompile Include="Resources\shaders\OutLine3D.VS.hlsl" />
  </ItemGroup>
</Project>